
Microsoft Visual Studio Solution File, Format Version 12.00
# Visual Studio Version 16
VisualStudioVersion = 16.0.30204.135
MinimumVisualStudioVersion = 15.0.26124.0
Project("{9A19103F-16F7-4668-BE54-9A1E7A4F7556}") = "ComparisonParser", "ComparisonParser\ComparisonParser.csproj", "{1355E76E-1D0D-4A15-9297-1284E8BB32EF}"
EndProject
Project("{9A19103F-16F7-4668-BE54-9A1E7A4F7556}") = "ComparisonParser.Tests", "ComparisonParser.Tests\ComparisonParser.Tests.csproj", "{13F62032-EA35-4DA5-B94E-A449BC92F164}"
EndProject
Global
	GlobalSection(SolutionConfigurationPlatforms) = preSolution
		Debug|Any CPU = Debug|Any CPU
		Debug|x64 = Debug|x64
		Debug|x86 = Debug|x86
		Release|Any CPU = Release|Any CPU
		Release|x64 = Release|x64
		Release|x86 = Release|x86
	EndGlobalSection
	GlobalSection(ProjectConfigurationPlatforms) = postSolution
		{1355E76E-1D0D-4A15-9297-1284E8BB32EF}.Debug|Any CPU.ActiveCfg = Debug|Any CPU
		{1355E76E-1D0D-4A15-9297-1284E8BB32EF}.Debug|Any CPU.Build.0 = Debug|Any CPU
		{1355E76E-1D0D-4A15-9297-1284E8BB32EF}.Debug|x64.ActiveCfg = Debug|Any CPU
		{1355E76E-1D0D-4A15-9297-1284E8BB32EF}.Debug|x64.Build.0 = Debug|Any CPU
		{1355E76E-1D0D-4A15-9297-1284E8BB32EF}.Debug|x86.ActiveCfg = Debug|Any CPU
		{1355E76E-1D0D-4A15-9297-1284E8BB32EF}.Debug|x86.Build.0 = Debug|Any CPU
		{1355E76E-1D0D-4A15-9297-1284E8BB32EF}.Release|Any CPU.ActiveCfg = Release|Any CPU
		{1355E76E-1D0D-4A15-9297-1284E8BB32EF}.Release|Any CPU.Build.0 = Release|Any CPU
		{1355E76E-1D0D-4A15-9297-1284E8BB32EF}.Release|x64.ActiveCfg = Release|Any CPU
		{1355E76E-1D0D-4A15-9297-1284E8BB32EF}.Release|x64.Build.0 = Release|Any CPU
		{1355E76E-1D0D-4A15-9297-1284E8BB32EF}.Release|x86.ActiveCfg = Release|Any CPU
		{1355E76E-1D0D-4A15-9297-1284E8BB32EF}.Release|x86.Build.0 = Release|Any CPU
		{13F62032-EA35-4DA5-B94E-A449BC92F164}.Debug|Any CPU.ActiveCfg = Debug|Any CPU
		{13F62032-EA35-4DA5-B94E-A449BC92F164}.Debug|Any CPU.Build.0 = Debug|Any CPU
		{13F62032-EA35-4DA5-B94E-A449BC92F164}.Debug|x64.ActiveCfg = Debug|Any CPU
		{13F62032-EA35-4DA5-B94E-A449BC92F164}.Debug|x64.Build.0 = Debug|Any CPU
		{13F62032-EA35-4DA5-B94E-A449BC92F164}.Debug|x86.ActiveCfg = Debug|Any CPU
		{13F62032-EA35-4DA5-B94E-A449BC92F164}.Debug|x86.Build.0 = Debug|Any CPU
		{13F62032-EA35-4DA5-B94E-A449BC92F164}.Release|Any CPU.ActiveCfg = Release|Any CPU
		{13F62032-EA35-4DA5-B94E-A449BC92F164}.Release|Any CPU.Build.0 = Release|Any CPU
		{13F62032-EA35-4DA5-B94E-A449BC92F164}.Release|x64.ActiveCfg = Release|Any CPU
		{13F62032-EA35-4DA5-B94E-A449BC92F164}.Release|x64.Build.0 = Release|Any CPU
		{13F62032-EA35-4DA5-B94E-A449BC92F164}.Release|x86.ActiveCfg = Release|Any CPU
		{13F62032-EA35-4DA5-B94E-A449BC92F164}.Release|x86.Build.0 = Release|Any CPU
	EndGlobalSection
	GlobalSection(SolutionProperties) = preSolution
		HideSolutionNode = FALSE
	EndGlobalSection
	GlobalSection(ExtensibilityGlobals) = postSolution
		SolutionGuid = {7161C54C-F0B7-4A0F-B4CA-31EFD8FF65C6}
	EndGlobalSection
EndGlobal
